
Microsoft Visual Studio Solution File, Format Version 12.00
# Visual Studio Version 17
VisualStudioVersion = 17.3.32819.101
MinimumVisualStudioVersion = 10.0.40219.1
Project("{FAE04EC0-301F-11D3-BF4B-00C04F79EFBC}") = "211089", "211089\211089.csproj", "{C437E5AA-8B81-4C76-BAA7-237FA3C541A9}"
EndProject
Global
	GlobalSection(SolutionConfigurationPlatforms) = preSolution
		Debug|Any CPU = Debug|Any CPU
		Release|Any CPU = Release|Any CPU
	EndGlobalSection
	GlobalSection(ProjectConfigurationPlatforms) = postSolution
		{C437E5AA-8B81-4C76-BAA7-237FA3C541A9}.Debug|Any CPU.ActiveCfg = Debug|Any CPU
		{C437E5AA-8B81-4C76-BAA7-237FA3C541A9}.Debug|Any CPU.Build.0 = Debug|Any CPU
		{C437E5AA-8B81-4C76-BAA7-237FA3C541A9}.Release|Any CPU.ActiveCfg = Release|Any CPU
		{C437E5AA-8B81-4C76-BAA7-237FA3C541A9}.Release|Any CPU.Build.0 = Release|Any CPU
	EndGlobalSection
	GlobalSection(SolutionProperties) = preSolution
		HideSolutionNode = FALSE
	EndGlobalSection
	GlobalSection(ExtensibilityGlobals) = postSolution
		SolutionGuid = {C52EBD4B-30B9-455A-97DE-E33E350F1F1C}
	EndGlobalSection
EndGlobal
